schema: '2.0'
stages:
  eval_experiments:
    cmd: uv run python -m fpl.stages.experiments --config 
      config/experiments_ranking.yaml --output 
      experiments/artifacts/ranking_exp.json --metrics-out 
      experiments/artifacts/ranking_exp.metrics.json --parallel 3 --cache-dir 
      experiments/artifacts/.cache
    deps:
    - path: config/experiments_ranking.yaml
      hash: md5
      md5: 36b9cb42d73ba26dfb5bd671220f7cae
      size: 512
    - path: data/processed/features_2024-2025.parquet
      hash: md5
      md5: 95fa3721ebdf12d2cf88e6a815cc0189
      size: 97248
    - path: data/processed/features_2025-2026.parquet
      hash: md5
      md5: e46e327fc280227da05d15179495ed89
      size: 96467
    - path: data/processed/players_2024-2025.parquet
      hash: md5
      md5: 7bd36146ddd8cf7685bb3803c66c1213
      size: 22347
    - path: data/processed/players_2025-2026.parquet
      hash: md5
      md5: 24c136a0801b3755c70111a36286382f
      size: 23225
    - path: src/fpl
      hash: md5
      md5: 25bf09db8176f51f6baffca797f7bfe9.dir
      size: 224110
      nfiles: 57
    params:
      params.yaml:
        pipeline.experiments.parallel: 3
    outs:
    - path: experiments/artifacts/ranking_exp.metrics.json
      hash: md5
      md5: ae4a734d3432d71064785fe826b837fd
      size: 1626
  rank_report:
    cmd: uv run python -m fpl.stages.ranking
    deps:
    - path: config/experiments_ranking.yaml
      hash: md5
      md5: 36b9cb42d73ba26dfb5bd671220f7cae
      size: 512
    - path: data/processed/features_2025-2026.parquet
      hash: md5
      md5: e46e327fc280227da05d15179495ed89
      size: 96467
    - path: data/processed/players_2025-2026.parquet
      hash: md5
      md5: 24c136a0801b3755c70111a36286382f
      size: 23225
    - path: src/fpl
      hash: md5
      md5: 25bf09db8176f51f6baffca797f7bfe9.dir
      size: 224110
      nfiles: 57
    params:
      params.yaml:
        pipeline.season: 2025-2026
    outs:
    - path: experiments/artifacts/ranking.metrics.json
      hash: md5
      md5: fca9f3dd26f38f9a5aed4e4b7817b8a4
      size: 765
  ingest:
    cmd: uv run python -m fpl.stages.ingest --config config/data.yaml --season 
      2025-2026
    deps:
    - path: config/data.yaml
      hash: md5
      md5: 93663c6e4e2404cef87290c7f10bb763
      size: 342
    - path: external/fpl_core/data
      hash: md5
      md5: d751713988987e9331980363e24189ce.dir
      size: 0
      nfiles: 0
    - path: src/fpl
      hash: md5
      md5: 25bf09db8176f51f6baffca797f7bfe9.dir
      size: 224110
      nfiles: 57
    outs:
    - path: data/processed/gw_stats_2025-2026.parquet
      hash: md5
      md5: d3fbb286b6b569ce2ee2ea22673e5768
      size: 405787
    - path: data/processed/match_stats_2025-2026.parquet
      hash: md5
      md5: a5a669df511d71c2c6535f514319a9e8
      size: 190833
    - path: data/processed/matches_2025-2026.parquet
      hash: md5
      md5: d62f426a08a9c655761512f1e7767fa4
      size: 16112
    - path: data/processed/players_2025-2026.parquet
      hash: md5
      md5: 24c136a0801b3755c70111a36286382f
      size: 23225
    - path: data/processed/team_history_2025-2026.parquet
      hash: md5
      md5: 7fc0b4258b04f6a2ea00517eb2335ca6
      size: 5207
    - path: data/processed/teams_2025-2026.parquet
      hash: md5
      md5: 0492996ee092f1c6bfec948e49583741
      size: 2981
  features:
    cmd: uv run python -m fpl.stages.features --config config/data.yaml --season
      2025-2026
    deps:
    - path: config/data.yaml
      hash: md5
      md5: 93663c6e4e2404cef87290c7f10bb763
      size: 342
    - path: data/processed/gw_stats_2025-2026.parquet
      hash: md5
      md5: d3fbb286b6b569ce2ee2ea22673e5768
      size: 405787
    - path: data/processed/matches_2025-2026.parquet
      hash: md5
      md5: d62f426a08a9c655761512f1e7767fa4
      size: 16112
    - path: data/processed/players_2025-2026.parquet
      hash: md5
      md5: 24c136a0801b3755c70111a36286382f
      size: 23225
    - path: data/processed/team_history_2025-2026.parquet
      hash: md5
      md5: 7fc0b4258b04f6a2ea00517eb2335ca6
      size: 5207
    - path: src/fpl
      hash: md5
      md5: 25bf09db8176f51f6baffca797f7bfe9.dir
      size: 224110
      nfiles: 57
    params:
      params.yaml:
        pipeline.season: 2025-2026
    outs:
    - path: data/processed/features_2025-2026.parquet
      hash: md5
      md5: e46e327fc280227da05d15179495ed89
      size: 96467
  train:
    cmd: uv run python -m fpl.stages.train --processed data/processed 
      --train-season 2024-2025 --season 2025-2026 --fit-gw-max 30 
      --test-gw-start 31 --test-gw-end 38 --seed 0
    deps:
    - path: data/processed/features_2024-2025.parquet
      hash: md5
      md5: 95fa3721ebdf12d2cf88e6a815cc0189
      size: 97248
    - path: data/processed/features_2025-2026.parquet
      hash: md5
      md5: e46e327fc280227da05d15179495ed89
      size: 96467
    - path: data/processed/players_2024-2025.parquet
      hash: md5
      md5: 7bd36146ddd8cf7685bb3803c66c1213
      size: 22347
    - path: data/processed/players_2025-2026.parquet
      hash: md5
      md5: 24c136a0801b3755c70111a36286382f
      size: 23225
    - path: src/fpl
      hash: md5
      md5: 25bf09db8176f51f6baffca797f7bfe9.dir
      size: 224110
      nfiles: 57
    params:
      params.yaml:
        pipeline.fit_gw_max: 30
        pipeline.gw_start: 31
        pipeline.historical_season: 2024-2025
        pipeline.season: 2025-2026
        pipeline.test_gw_end: 38
        pipeline.train_seed: 0
    outs:
    - path: data/processed/mae.json
      hash: md5
      md5: 1ef6c50b7451f59e322d97b1f96bbe4f
      size: 300
    - path: data/processed/points_lgbm.txt
      hash: md5
      md5: 358655bdd6c394913a5c018199223e9e
      size: 1116414
  fit_dist:
    cmd: uv run python -m fpl.stages.fit_dist --processed data/processed 
      --season 2025-2026 --gw 31 --gw-end 33 --fit-gw-max 30 --seed 0
    deps:
    - path: data/processed/features_2025-2026.parquet
      hash: md5
      md5: e46e327fc280227da05d15179495ed89
      size: 96467
    - path: data/processed/players_2025-2026.parquet
      hash: md5
      md5: 24c136a0801b3755c70111a36286382f
      size: 23225
    - path: data/processed/points_lgbm.txt
      hash: md5
      md5: 358655bdd6c394913a5c018199223e9e
      size: 1116414
    - path: src/fpl
      hash: md5
      md5: 25bf09db8176f51f6baffca797f7bfe9.dir
      size: 224110
      nfiles: 57
    params:
      params.yaml:
        pipeline.fit_gw_max: 30
        pipeline.gw_end: 33
        pipeline.gw_start: 31
        pipeline.season: 2025-2026
        pipeline.train_seed: 0
    outs:
    - path: data/processed/dist_2025-2026.parquet
      hash: md5
      md5: 67de557417ab33d82818b648fce3c831
      size: 169574
  search:
    cmd: uv run python -m fpl search --season 2025-2026 --gw 31 --gw-end 33 
      --enum greedy --value h2h --n-teams 20 --seed 0 --n-samples 150 --out 
      data/processed/search_candidates.parquet --metrics-out 
      experiments/artifacts/search.metrics.json
    deps:
    - path: data/processed/features_2025-2026.parquet
      hash: md5
      md5: e46e327fc280227da05d15179495ed89
      size: 96467
    - path: data/processed/gw_stats_2025-2026.parquet
      hash: md5
      md5: d3fbb286b6b569ce2ee2ea22673e5768
      size: 405787
    - path: data/processed/players_2025-2026.parquet
      hash: md5
      md5: 24c136a0801b3755c70111a36286382f
      size: 23225
    - path: data/processed/points_lgbm.txt
      hash: md5
      md5: 358655bdd6c394913a5c018199223e9e
      size: 1116414
    - path: src/fpl
      hash: md5
      md5: 25bf09db8176f51f6baffca797f7bfe9.dir
      size: 224110
      nfiles: 57
    params:
      params.yaml:
        pipeline.gw_end: 33
        pipeline.gw_start: 31
        pipeline.search:
          enum: greedy
          value: h2h
          n_teams: 20
          seed: 0
          n_samples: 150
        pipeline.season: 2025-2026
    outs:
    - path: data/processed/search_candidates.parquet
      hash: md5
      md5: 6a0ae2396feed0a6fc41cdfa453fa14c
      size: 5305
    - path: experiments/artifacts/search.metrics.json
      hash: md5
      md5: d85caecf48019ba0059d418fcf78ca0f
      size: 130
  gym:
    cmd: uv run python -m fpl gym --season 2025-2026 --gw 31 --gw-end 33 --top 3
      --candidates data/processed/search_candidates.parquet --out 
      experiments/artifacts/gym.json --metrics-out 
      experiments/artifacts/gym.metrics.json
    deps:
    - path: data/processed/features_2025-2026.parquet
      hash: md5
      md5: e46e327fc280227da05d15179495ed89
      size: 96467
    - path: data/processed/gw_stats_2025-2026.parquet
      hash: md5
      md5: d3fbb286b6b569ce2ee2ea22673e5768
      size: 405787
    - path: data/processed/players_2025-2026.parquet
      hash: md5
      md5: 24c136a0801b3755c70111a36286382f
      size: 23225
    - path: data/processed/points_lgbm.txt
      hash: md5
      md5: 358655bdd6c394913a5c018199223e9e
      size: 1116414
    - path: data/processed/search_candidates.parquet
      hash: md5
      md5: 6a0ae2396feed0a6fc41cdfa453fa14c
      size: 5305
    - path: src/fpl
      hash: md5
      md5: 25bf09db8176f51f6baffca797f7bfe9.dir
      size: 224110
      nfiles: 57
    params:
      params.yaml:
        pipeline.gw_end: 33
        pipeline.gw_start: 31
        pipeline.gym.top: 3
        pipeline.season: 2025-2026
    outs:
    - path: experiments/artifacts/gym.json
      hash: md5
      md5: e8278c6a18760e494c07df851cb49bb0
      size: 5887
    - path: experiments/artifacts/gym.metrics.json
      hash: md5
      md5: a9f6c99731e589c05bebf0a3fc672c83
      size: 92
